PODS:
  - Alamofire (4.4.0)
  - ConcentricProgressRingView (1.3.3):
    - LionheartExtensions
  - LionheartExtensions (3.3.2):
    - LionheartExtensions/Core (= 3.3.2)
  - LionheartExtensions/Core (3.3.2)
  - SwiftyJSON (3.1.4)

DEPENDENCIES:
  - Alamofire (~> 4.4)
  - ConcentricProgressRingView
  - SwiftyJSON

SPEC CHECKSUMS:
  Alamofire: dc44b1600b800eb63da6a19039a0083d62a6a62d
  ConcentricProgressRingView: d342fef62dddcde119c07ce945f79094e6e58455
  LionheartExtensions: dd2b9d3b4d1339abc2596af33f159e9d99a1785f
  SwiftyJSON: c2842d878f95482ffceec5709abc3d05680c0220

PODFILE CHECKSUM: 5ce87af14ea77265e948fedf2c42f0b391225372

COCOAPODS: 1.2.1
