// !$*UTF8*$!
{
	archiveVersion = 1;
	classes = {
	};
	objectVersion = 46;
	objects = {

/* Begin PBXBuildFile section */
		07342A031E9BF91400BAE46F /* Permit.swift in Sources */ = {isa = PBXBuildFile; fileRef = 07342A021E9BF91400BAE46F /* Permit.swift */; };
		074806FA1EC06A4000D4B576 /* PermitViewController.swift in Sources */ = {isa = PBXBuildFile; fileRef = 074806F91EC06A4000D4B576 /* PermitViewController.swift */; };
		074DB6EA1EBA7D6600B665AF /* Template.swift in Sources */ = {isa = PBXBuildFile; fileRef = 074DB6E91EBA7D6600B665AF /* Template.swift */; };
		074DB6EC1EBB2E4100B665AF /* MainNavigationController.swift in Sources */ = {isa = PBXBuildFile; fileRef = 074DB6EB1EBB2E4100B665AF /* MainNavigationController.swift */; };
		074DB6EE1EBB317500B665AF /* LoginViewController.swift in Sources */ = {isa = PBXBuildFile; fileRef = 074DB6ED1EBB317500B665AF /* LoginViewController.swift */; };
		074DB6F01EBB4B8700B665AF /* NewPermitViewController.swift in Sources */ = {isa = PBXBuildFile; fileRef = 074DB6EF1EBB4B8700B665AF /* NewPermitViewController.swift */; };
		074DB6F41EBB56C500B665AF /* PermitsTableViewController.swift in Sources */ = {isa = PBXBuildFile; fileRef = 074DB6F31EBB56C500B665AF /* PermitsTableViewController.swift */; };
		07706BF01EDD686A00212C1D /* StartViewController.swift in Sources */ = {isa = PBXBuildFile; fileRef = 07706BEF1EDD686A00212C1D /* StartViewController.swift */; };
		07AC7D2F1E7870640082412C /* AppDelegate.swift in Sources */ = {isa = PBXBuildFile; fileRef = 07AC7D2E1E7870640082412C /* AppDelegate.swift */; };
		07AC7D311E7870640082412C /* ViewController.swift in Sources */ = {isa = PBXBuildFile; fileRef = 07AC7D301E7870640082412C /* ViewController.swift */; };
		07AC7D341E7870640082412C /* Main.storyboard in Resources */ = {isa = PBXBuildFile; fileRef = 07AC7D321E7870640082412C /* Main.storyboard */; };
		07AC7D361E7870640082412C /* Assets.xcassets in Resources */ = {isa = PBXBuildFile; fileRef = 07AC7D351E7870640082412C /* Assets.xcassets */; };
		07AC7D391E7870640082412C /* LaunchScreen.storyboard in Resources */ = {isa = PBXBuildFile; fileRef = 07AC7D371E7870640082412C /* LaunchScreen.storyboard */; };
		07AC7D441E7870640082412C /* Permit_to_workTests.swift in Sources */ = {isa = PBXBuildFile; fileRef = 07AC7D431E7870640082412C /* Permit_to_workTests.swift */; };
		07AC7D4F1E7870640082412C /* Permit_to_workUITests.swift in Sources */ = {isa = PBXBuildFile; fileRef = 07AC7D4E1E7870640082412C /* Permit_to_workUITests.swift */; };
		07DBA9731EDD81DB002E797C /* ProtectionViewController.swift in Sources */ = {isa = PBXBuildFile; fileRef = 07DBA9721EDD81DB002E797C /* ProtectionViewController.swift */; };
		07DBA9751EDE025F002E797C /* EnvironmentViewController.swift in Sources */ = {isa = PBXBuildFile; fileRef = 07DBA9741EDE025F002E797C /* EnvironmentViewController.swift */; };
		07DBA9771EDE0ADC002E797C /* PrecautionsViewController.swift in Sources */ = {isa = PBXBuildFile; fileRef = 07DBA9761EDE0ADC002E797C /* PrecautionsViewController.swift */; };
		3E9E69AF3DBD4BEA6B5C3C76 /* Pods_Permit_to_work.framework in Frameworks */ = {isa = PBXBuildFile; fileRef = ABFDE749E747AC21F2EF755A /* Pods_Permit_to_work.framework */; };
		650BA5DDCFDC54BDA6589B93 /* Pods_Permit_to_workTests.framework in Frameworks */ = {isa = PBXBuildFile; fileRef = CD3AD2DE6FCF8D68EDEFE843 /* Pods_Permit_to_workTests.framework */; };
		FCE78AA04FB80F2FEED9ADF9 /* Pods_Permit_to_workUITests.framework in Frameworks */ = {isa = PBXBuildFile; fileRef = D5C5C592CC23AEBECA0EA6C2 /* Pods_Permit_to_workUITests.framework */; };
/* End PBXBuildFile section */

/* Begin PBXContainerItemProxy section */
		07AC7D401E7870640082412C /* PBXContainerItemProxy */ = {
			isa = PBXContainerItemProxy;
			containerPortal = 07AC7D231E7870630082412C /* Project object */;
			proxyType = 1;
			remoteGlobalIDString = 07AC7D2A1E7870630082412C;
			remoteInfo = "Permit-to-work";
		};
		07AC7D4B1E7870640082412C /* PBXContainerItemProxy */ = {
			isa = PBXContainerItemProxy;
			containerPortal = 07AC7D231E7870630082412C /* Project object */;
			proxyType = 1;
			remoteGlobalIDString = 07AC7D2A1E7870630082412C;
			remoteInfo = "Permit-to-work";
		};
/* End PBXContainerItemProxy section */

/* Begin PBXFileReference section */
		07342A021E9BF91400BAE46F /* Permit.swift */ = {isa = PBXFileReference; fileEncoding = 4; lastKnownFileType = sourcecode.swift; path = Permit.swift; sourceTree = "<group>"; };
		074806F91EC06A4000D4B576 /* PermitViewController.swift */ = {isa = PBXFileReference; fileEncoding = 4; lastKnownFileType = sourcecode.swift; path = PermitViewController.swift; sourceTree = "<group>"; };
		074DB6E91EBA7D6600B665AF /* Template.swift */ = {isa = PBXFileReference; fileEncoding = 4; lastKnownFileType = sourcecode.swift; path = Template.swift; sourceTree = "<group>"; };
		074DB6EB1EBB2E4100B665AF /* MainNavigationController.swift */ = {isa = PBXFileReference; fileEncoding = 4; lastKnownFileType = sourcecode.swift; path = MainNavigationController.swift; sourceTree = "<group>"; };
		074DB6ED1EBB317500B665AF /* LoginViewController.swift */ = {isa = PBXFileReference; fileEncoding = 4; lastKnownFileType = sourcecode.swift; path = LoginViewController.swift; sourceTree = "<group>"; };
		074DB6EF1EBB4B8700B665AF /* NewPermitViewController.swift */ = {isa = PBXFileReference; fileEncoding = 4; lastKnownFileType = sourcecode.swift; path = NewPermitViewController.swift; sourceTree = "<group>"; };
		074DB6F31EBB56C500B665AF /* PermitsTableViewController.swift */ = {isa = PBXFileReference; fileEncoding = 4; lastKnownFileType = sourcecode.swift; path = PermitsTableViewController.swift; sourceTree = "<group>"; };
		07706BEF1EDD686A00212C1D /* StartViewController.swift */ = {isa = PBXFileReference; fileEncoding = 4; lastKnownFileType = sourcecode.swift; path = StartViewController.swift; sourceTree = "<group>"; };
		07AC7D2B1E7870640082412C /* Permit-to-work.app */ = {isa = PBXFileReference; explicitFileType = wrapper.application; includeInIndex = 0; path = "Permit-to-work.app"; sourceTree = BUILT_PRODUCTS_DIR; };
		07AC7D2E1E7870640082412C /* AppDelegate.swift */ = {isa = PBXFileReference; lastKnownFileType = sourcecode.swift; path = AppDelegate.swift; sourceTree = "<group>"; };
		07AC7D301E7870640082412C /* ViewController.swift */ = {isa = PBXFileReference; lastKnownFileType = sourcecode.swift; path = ViewController.swift; sourceTree = "<group>"; };
		07AC7D331E7870640082412C /* Base */ = {isa = PBXFileReference; lastKnownFileType = file.storyboard; name = Base; path = Base.lproj/Main.storyboard; sourceTree = "<group>"; };
		07AC7D351E7870640082412C /* Assets.xcassets */ = {isa = PBXFileReference; lastKnownFileType = folder.assetcatalog; path = Assets.xcassets; sourceTree = "<group>"; };
		07AC7D381E7870640082412C /* Base */ = {isa = PBXFileReference; lastKnownFileType = file.storyboard; name = Base; path = Base.lproj/LaunchScreen.storyboard; sourceTree = "<group>"; };
		07AC7D3A1E7870640082412C /* Info.plist */ = {isa = PBXFileReference; lastKnownFileType = text.plist.xml; path = Info.plist; sourceTree = "<group>"; };
		07AC7D3F1E7870640082412C /* Permit-to-workTests.xctest */ = {isa = PBXFileReference; explicitFileType = wrapper.cfbundle; includeInIndex = 0; path = "Permit-to-workTests.xctest"; sourceTree = BUILT_PRODUCTS_DIR; };
		07AC7D431E7870640082412C /* Permit_to_workTests.swift */ = {isa = PBXFileReference; lastKnownFileType = sourcecode.swift; path = Permit_to_workTests.swift; sourceTree = "<group>"; };
		07AC7D451E7870640082412C /* Info.plist */ = {isa = PBXFileReference; lastKnownFileType = text.plist.xml; path = Info.plist; sourceTree = "<group>"; };
		07AC7D4A1E7870640082412C /* Permit-to-workUITests.xctest */ = {isa = PBXFileReference; explicitFileType = wrapper.cfbundle; includeInIndex = 0; path = "Permit-to-workUITests.xctest"; sourceTree = BUILT_PRODUCTS_DIR; };
		07AC7D4E1E7870640082412C /* Permit_to_workUITests.swift */ = {isa = PBXFileReference; lastKnownFileType = sourcecode.swift; path = Permit_to_workUITests.swift; sourceTree = "<group>"; };
		07AC7D501E7870640082412C /* Info.plist */ = {isa = PBXFileReference; lastKnownFileType = text.plist.xml; path = Info.plist; sourceTree = "<group>"; };
		07DBA9721EDD81DB002E797C /* ProtectionViewController.swift */ = {isa = PBXFileReference; fileEncoding = 4; lastKnownFileType = sourcecode.swift; path = ProtectionViewController.swift; sourceTree = "<group>"; };
		07DBA9741EDE025F002E797C /* EnvironmentViewController.swift */ = {isa = PBXFileReference; fileEncoding = 4; lastKnownFileType = sourcecode.swift; path = EnvironmentViewController.swift; sourceTree = "<group>"; };
		07DBA9761EDE0ADC002E797C /* PrecautionsViewController.swift */ = {isa = PBXFileReference; fileEncoding = 4; lastKnownFileType = sourcecode.swift; path = PrecautionsViewController.swift; sourceTree = "<group>"; };
		5B18F46094A18B8CE638E8BB /* Pods-Permit-to-workTests.debug.xcconfig */ = {isa = PBXFileReference; includeInIndex = 1; lastKnownFileType = text.xcconfig; name = "Pods-Permit-to-workTests.debug.xcconfig"; path = "Pods/Target Support Files/Pods-Permit-to-workTests/Pods-Permit-to-workTests.debug.xcconfig"; sourceTree = "<group>"; };
		5E732A5A36014B3EAC1DA267 /* Pods-Permit-to-workUITests.debug.xcconfig */ = {isa = PBXFileReference; includeInIndex = 1; lastKnownFileType = text.xcconfig; name = "Pods-Permit-to-workUITests.debug.xcconfig"; path = "Pods/Target Support Files/Pods-Permit-to-workUITests/Pods-Permit-to-workUITests.debug.xcconfig"; sourceTree = "<group>"; };
		6911568266A32F7AE43C6349 /* Pods-Permit-to-workUITests.release.xcconfig */ = {isa = PBXFileReference; includeInIndex = 1; lastKnownFileType = text.xcconfig; name = "Pods-Permit-to-workUITests.release.xcconfig"; path = "Pods/Target Support Files/Pods-Permit-to-workUITests/Pods-Permit-to-workUITests.release.xcconfig"; sourceTree = "<group>"; };
		70F7E9A3AFD1D63C9E260AD4 /* Pods-Permit-to-work.debug.xcconfig */ = {isa = PBXFileReference; includeInIndex = 1; lastKnownFileType = text.xcconfig; name = "Pods-Permit-to-work.debug.xcconfig"; path = "Pods/Target Support Files/Pods-Permit-to-work/Pods-Permit-to-work.debug.xcconfig"; sourceTree = "<group>"; };
		7ED3DE53E960484986F969EC /* Pods-Permit-to-work.release.xcconfig */ = {isa = PBXFileReference; includeInIndex = 1; lastKnownFileType = text.xcconfig; name = "Pods-Permit-to-work.release.xcconfig"; path = "Pods/Target Support Files/Pods-Permit-to-work/Pods-Permit-to-work.release.xcconfig"; sourceTree = "<group>"; };
		ABFDE749E747AC21F2EF755A /* Pods_Permit_to_work.framework */ = {isa = PBXFileReference; explicitFileType = wrapper.framework; includeInIndex = 0; path = Pods_Permit_to_work.framework; sourceTree = BUILT_PRODUCTS_DIR; };
		B330C021596C5CDD85C3E6E0 /* Pods-Permit-to-workTests.release.xcconfig */ = {isa = PBXFileReference; includeInIndex = 1; lastKnownFileType = text.xcconfig; name = "Pods-Permit-to-workTests.release.xcconfig"; path = "Pods/Target Support Files/Pods-Permit-to-workTests/Pods-Permit-to-workTests.release.xcconfig"; sourceTree = "<group>"; };
		CD3AD2DE6FCF8D68EDEFE843 /* Pods_Permit_to_workTests.framework */ = {isa = PBXFileReference; explicitFileType = wrapper.framework; includeInIndex = 0; path = Pods_Permit_to_workTests.framework; sourceTree = BUILT_PRODUCTS_DIR; };
		D5C5C592CC23AEBECA0EA6C2 /* Pods_Permit_to_workUITests.framework */ = {isa = PBXFileReference; explicitFileType = wrapper.framework; includeInIndex = 0; path = Pods_Permit_to_workUITests.framework; sourceTree = BUILT_PRODUCTS_DIR; };
/* End PBXFileReference section */

/* Begin PBXFrameworksBuildPhase section */
		07AC7D281E7870630082412C /* Frameworks */ = {
			isa = PBXFrameworksBuildPhase;
			buildActionMask = 2147483647;
			files = (
				3E9E69AF3DBD4BEA6B5C3C76 /* Pods_Permit_to_work.framework in Frameworks */,
			);
			runOnlyForDeploymentPostprocessing = 0;
		};
		07AC7D3C1E7870640082412C /* Frameworks */ = {
			isa = PBXFrameworksBuildPhase;
			buildActionMask = 2147483647;
			files = (
				650BA5DDCFDC54BDA6589B93 /* Pods_Permit_to_workTests.framework in Frameworks */,
			);
			runOnlyForDeploymentPostprocessing = 0;
		};
		07AC7D471E7870640082412C /* Frameworks */ = {
			isa = PBXFrameworksBuildPhase;
			buildActionMask = 2147483647;
			files = (
				FCE78AA04FB80F2FEED9ADF9 /* Pods_Permit_to_workUITests.framework in Frameworks */,
			);
			runOnlyForDeploymentPostprocessing = 0;
		};
/* End PBXFrameworksBuildPhase section */

/* Begin PBXGroup section */
		0709C4921EC60F460029AC35 /* Controllers */ = {
			isa = PBXGroup;
			children = (
				074DB6ED1EBB317500B665AF /* LoginViewController.swift */,
				074DB6EB1EBB2E4100B665AF /* MainNavigationController.swift */,
				074DB6EF1EBB4B8700B665AF /* NewPermitViewController.swift */,
				074806F91EC06A4000D4B576 /* PermitViewController.swift */,
				074DB6F31EBB56C500B665AF /* PermitsTableViewController.swift */,
				07706BEF1EDD686A00212C1D /* StartViewController.swift */,
				07DBA9721EDD81DB002E797C /* ProtectionViewController.swift */,
				07DBA9741EDE025F002E797C /* EnvironmentViewController.swift */,
				07DBA9761EDE0ADC002E797C /* PrecautionsViewController.swift */,
			);
			name = Controllers;
			sourceTree = "<group>";
		};
		07AC7D221E7870630082412C = {
			isa = PBXGroup;
			children = (
				07AC7D2D1E7870640082412C /* Permit-to-work */,
				07AC7D421E7870640082412C /* Permit-to-workTests */,
				07AC7D4D1E7870640082412C /* Permit-to-workUITests */,
				07AC7D2C1E7870640082412C /* Products */,
				479954C54A636FCA307F2AE0 /* Pods */,
				23F2415580162EDDD7F8AD32 /* Frameworks */,
			);
			sourceTree = "<group>";
		};
		07AC7D2C1E7870640082412C /* Products */ = {
			isa = PBXGroup;
			children = (
				07AC7D2B1E7870640082412C /* Permit-to-work.app */,
				07AC7D3F1E7870640082412C /* Permit-to-workTests.xctest */,
				07AC7D4A1E7870640082412C /* Permit-to-workUITests.xctest */,
			);
			name = Products;
			sourceTree = "<group>";
		};
		07AC7D2D1E7870640082412C /* Permit-to-work */ = {
			isa = PBXGroup;
			children = (
				0709C4921EC60F460029AC35 /* Controllers */,
				07342A021E9BF91400BAE46F /* Permit.swift */,
				074DB6E91EBA7D6600B665AF /* Template.swift */,
				07AC7D2E1E7870640082412C /* AppDelegate.swift */,
				07AC7D301E7870640082412C /* ViewController.swift */,
				07AC7D321E7870640082412C /* Main.storyboard */,
				07AC7D351E7870640082412C /* Assets.xcassets */,
				07AC7D371E7870640082412C /* LaunchScreen.storyboard */,
				07AC7D3A1E7870640082412C /* Info.plist */,
			);
			path = "Permit-to-work";
			sourceTree = "<group>";
		};
		07AC7D421E7870640082412C /* Permit-to-workTests */ = {
			isa = PBXGroup;
			children = (
				07AC7D431E7870640082412C /* Permit_to_workTests.swift */,
				07AC7D451E7870640082412C /* Info.plist */,
			);
			path = "Permit-to-workTests";
			sourceTree = "<group>";
		};
		07AC7D4D1E7870640082412C /* Permit-to-workUITests */ = {
			isa = PBXGroup;
			children = (
				07AC7D4E1E7870640082412C /* Permit_to_workUITests.swift */,
				07AC7D501E7870640082412C /* Info.plist */,
			);
			path = "Permit-to-workUITests";
			sourceTree = "<group>";
		};
		23F2415580162EDDD7F8AD32 /* Frameworks */ = {
			isa = PBXGroup;
			children = (
				ABFDE749E747AC21F2EF755A /* Pods_Permit_to_work.framework */,
				CD3AD2DE6FCF8D68EDEFE843 /* Pods_Permit_to_workTests.framework */,
				D5C5C592CC23AEBECA0EA6C2 /* Pods_Permit_to_workUITests.framework */,
			);
			name = Frameworks;
			sourceTree = "<group>";
		};
		479954C54A636FCA307F2AE0 /* Pods */ = {
			isa = PBXGroup;
			children = (
				70F7E9A3AFD1D63C9E260AD4 /* Pods-Permit-to-work.debug.xcconfig */,
				7ED3DE53E960484986F969EC /* Pods-Permit-to-work.release.xcconfig */,
				5B18F46094A18B8CE638E8BB /* Pods-Permit-to-workTests.debug.xcconfig */,
				B330C021596C5CDD85C3E6E0 /* Pods-Permit-to-workTests.release.xcconfig */,
				5E732A5A36014B3EAC1DA267 /* Pods-Permit-to-workUITests.debug.xcconfig */,
				6911568266A32F7AE43C6349 /* Pods-Permit-to-workUITests.release.xcconfig */,
			);
			name = Pods;
			sourceTree = "<group>";
		};
/* End PBXGroup section */

/* Begin PBXNativeTarget section */
		07AC7D2A1E7870630082412C /* Permit-to-work */ = {
			isa = PBXNativeTarget;
			buildConfigurationList = 07AC7D531E7870640082412C /* Build configuration list for PBXNativeTarget "Permit-to-work" */;
			buildPhases = (
				ADFD5FE8F314869A374EA7F8 /* [CP] Check Pods Manifest.lock */,
				07AC7D271E7870630082412C /* Sources */,
				07AC7D281E7870630082412C /* Frameworks */,
				07AC7D291E7870630082412C /* Resources */,
				8177DCA52780A2785E808D2C /* [CP] Embed Pods Frameworks */,
				FC11DC581DFFFC4D451DCCAC /* [CP] Copy Pods Resources */,
			);
			buildRules = (
			);
			dependencies = (
			);
			name = "Permit-to-work";
			productName = "Permit-to-work";
			productReference = 07AC7D2B1E7870640082412C /* Permit-to-work.app */;
			productType = "com.apple.product-type.application";
		};
		07AC7D3E1E7870640082412C /* Permit-to-workTests */ = {
			isa = PBXNativeTarget;
			buildConfigurationList = 07AC7D561E7870640082412C /* Build configuration list for PBXNativeTarget "Permit-to-workTests" */;
			buildPhases = (
				076B4BF0042B368232482BB5 /* [CP] Check Pods Manifest.lock */,
				07AC7D3B1E7870640082412C /* Sources */,
				07AC7D3C1E7870640082412C /* Frameworks */,
				07AC7D3D1E7870640082412C /* Resources */,
				E192A00E109EBB62C37EC63B /* [CP] Embed Pods Frameworks */,
				409C184B377DF09A27CCA55D /* [CP] Copy Pods Resources */,
			);
			buildRules = (
			);
			dependencies = (
				07AC7D411E7870640082412C /* PBXTargetDependency */,
			);
			name = "Permit-to-workTests";
			productName = "Permit-to-workTests";
			productReference = 07AC7D3F1E7870640082412C /* Permit-to-workTests.xctest */;
			productType = "com.apple.product-type.bundle.unit-test";
		};
		07AC7D491E7870640082412C /* Permit-to-workUITests */ = {
			isa = PBXNativeTarget;
			buildConfigurationList = 07AC7D591E7870640082412C /* Build configuration list for PBXNativeTarget "Permit-to-workUITests" */;
			buildPhases = (
				ED8572F235F1298BBC90ECA9 /* [CP] Check Pods Manifest.lock */,
				07AC7D461E7870640082412C /* Sources */,
				07AC7D471E7870640082412C /* Frameworks */,
				07AC7D481E7870640082412C /* Resources */,
				7CAEA067DE070DE029E44A9E /* [CP] Embed Pods Frameworks */,
				B377984C192CAA1B947E6CF8 /* [CP] Copy Pods Resources */,
			);
			buildRules = (
			);
			dependencies = (
				07AC7D4C1E7870640082412C /* PBXTargetDependency */,
			);
			name = "Permit-to-workUITests";
			productName = "Permit-to-workUITests";
			productReference = 07AC7D4A1E7870640082412C /* Permit-to-workUITests.xctest */;
			productType = "com.apple.product-type.bundle.ui-testing";
		};
/* End PBXNativeTarget section */

/* Begin PBXProject section */
		07AC7D231E7870630082412C /* Project object */ = {
			isa = PBXProject;
			attributes = {
				LastSwiftUpdateCheck = 0820;
				LastUpgradeCheck = 0820;
				ORGANIZATIONNAME = "danick sikkema";
				TargetAttributes = {
					07AC7D2A1E7870630082412C = {
						CreatedOnToolsVersion = 8.2.1;
						DevelopmentTeam = EBSX6CSZNX;
						ProvisioningStyle = Automatic;
					};
					07AC7D3E1E7870640082412C = {
						CreatedOnToolsVersion = 8.2.1;
						DevelopmentTeam = EBSX6CSZNX;
						ProvisioningStyle = Automatic;
						TestTargetID = 07AC7D2A1E7870630082412C;
					};
					07AC7D491E7870640082412C = {
						CreatedOnToolsVersion = 8.2.1;
						DevelopmentTeam = EBSX6CSZNX;
						ProvisioningStyle = Automatic;
						TestTargetID = 07AC7D2A1E7870630082412C;
					};
				};
			};
			buildConfigurationList = 07AC7D261E7870630082412C /* Build configuration list for PBXProject "Permit-to-work" */;
			compatibilityVersion = "Xcode 3.2";
			developmentRegion = English;
			hasScannedForEncodings = 0;
			knownRegions = (
				en,
				Base,
			);
			mainGroup = 07AC7D221E7870630082412C;
			productRefGroup = 07AC7D2C1E7870640082412C /* Products */;
			projectDirPath = "";
			projectRoot = "";
			targets = (
				07AC7D2A1E7870630082412C /* Permit-to-work */,
				07AC7D3E1E7870640082412C /* Permit-to-workTests */,
				07AC7D491E7870640082412C /* Permit-to-workUITests */,
			);
		};
/* End PBXProject section */

/* Begin PBXResourcesBuildPhase section */
		07AC7D291E7870630082412C /* Resources */ = {
			isa = PBXResourcesBuildPhase;
			buildActionMask = 2147483647;
			files = (
				07AC7D391E7870640082412C /* LaunchScreen.storyboard in Resources */,
				07AC7D361E7870640082412C /* Assets.xcassets in Resources */,
				07AC7D341E7870640082412C /* Main.storyboard in Resources */,
			);
			runOnlyForDeploymentPostprocessing = 0;
		};
		07AC7D3D1E7870640082412C /* Resources */ = {
			isa = PBXResourcesBuildPhase;
			buildActionMask = 2147483647;
			files = (
			);
			runOnlyForDeploymentPostprocessing = 0;
		};
		07AC7D481E7870640082412C /* Resources */ = {
			isa = PBXResourcesBuildPhase;
			buildActionMask = 2147483647;
			files = (
			);
			runOnlyForDeploymentPostprocessing = 0;
		};
/* End PBXResourcesBuildPhase section */

/* Begin PBXShellScriptBuildPhase section */
		076B4BF0042B368232482BB5 /* [CP] Check Pods Manifest.lock */ = {
			isa = PBXShellScriptBuildPhase;
			buildActionMask = 2147483647;
			files = (
			);
			inputPaths = (
			);
			name = "[CP] Check Pods Manifest.lock";
			outputPaths = (
			);
			runOnlyForDeploymentPostprocessing = 0;
			shellPath = /bin/sh;
			shellScript = "diff \"${PODS_PODFILE_DIR_PATH}/Podfile.lock\" \"${PODS_ROOT}/Manifest.lock\" > /dev/null\nif [ $? != 0 ] ; then\n    # print error to STDERR\n    echo \"error: The sandbox is not in sync with the Podfile.lock. Run 'pod install' or update your CocoaPods installation.\" >&2\n    exit 1\nfi\n";
			showEnvVarsInLog = 0;
		};
		409C184B377DF09A27CCA55D /* [CP] Copy Pods Resources */ = {
			isa = PBXShellScriptBuildPhase;
			buildActionMask = 2147483647;
			files = (
			);
			inputPaths = (
			);
			name = "[CP] Copy Pods Resources";
			outputPaths = (
			);
			runOnlyForDeploymentPostprocessing = 0;
			shellPath = /bin/sh;
			shellScript = "\"${SRCROOT}/Pods/Target Support Files/Pods-Permit-to-workTests/Pods-Permit-to-workTests-resources.sh\"\n";
			showEnvVarsInLog = 0;
		};
		7CAEA067DE070DE029E44A9E /* [CP] Embed Pods Frameworks */ = {
			isa = PBXShellScriptBuildPhase;
			buildActionMask = 2147483647;
			files = (
			);
			inputPaths = (
			);
			name = "[CP] Embed Pods Frameworks";
			outputPaths = (
			);
			runOnlyForDeploymentPostprocessing = 0;
			shellPath = /bin/sh;
			shellScript = "\"${SRCROOT}/Pods/Target Support Files/Pods-Permit-to-workUITests/Pods-Permit-to-workUITests-frameworks.sh\"\n";
			showEnvVarsInLog = 0;
		};
		8177DCA52780A2785E808D2C /* [CP] Embed Pods Frameworks */ = {
			isa = PBXShellScriptBuildPhase;
			buildActionMask = 2147483647;
			files = (
			);
			inputPaths = (
			);
			name = "[CP] Embed Pods Frameworks";
			outputPaths = (
			);
			runOnlyForDeploymentPostprocessing = 0;
			shellPath = /bin/sh;
			shellScript = "\"${SRCROOT}/Pods/Target Support Files/Pods-Permit-to-work/Pods-Permit-to-work-frameworks.sh\"\n";
			showEnvVarsInLog = 0;
		};
		ADFD5FE8F314869A374EA7F8 /* [CP] Check Pods Manifest.lock */ = {
			isa = PBXShellScriptBuildPhase;
			buildActionMask = 2147483647;
			files = (
			);
			inputPaths = (
			);
			name = "[CP] Check Pods Manifest.lock";
			outputPaths = (
			);
			runOnlyForDeploymentPostprocessing = 0;
			shellPath = /bin/sh;
			shellScript = "diff \"${PODS_PODFILE_DIR_PATH}/Podfile.lock\" \"${PODS_ROOT}/Manifest.lock\" > /dev/null\nif [ $? != 0 ] ; then\n    # print error to STDERR\n    echo \"error: The sandbox is not in sync with the Podfile.lock. Run 'pod install' or update your CocoaPods installation.\" >&2\n    exit 1\nfi\n";
			showEnvVarsInLog = 0;
		};
		B377984C192CAA1B947E6CF8 /* [CP] Copy Pods Resources */ = {
			isa = PBXShellScriptBuildPhase;
			buildActionMask = 2147483647;
			files = (
			);
			inputPaths = (
			);
			name = "[CP] Copy Pods Resources";
			outputPaths = (
			);
			runOnlyForDeploymentPostprocessing = 0;
			shellPath = /bin/sh;
			shellScript = "\"${SRCROOT}/Pods/Target Support Files/Pods-Permit-to-workUITests/Pods-Permit-to-workUITests-resources.sh\"\n";
			showEnvVarsInLog = 0;
		};
		E192A00E109EBB62C37EC63B /* [CP] Embed Pods Frameworks */ = {
			isa = PBXShellScriptBuildPhase;
			buildActionMask = 2147483647;
			files = (
			);
			inputPaths = (
			);
			name = "[CP] Embed Pods Frameworks";
			outputPaths = (
			);
			runOnlyForDeploymentPostprocessing = 0;
			shellPath = /bin/sh;
			shellScript = "\"${SRCROOT}/Pods/Target Support Files/Pods-Permit-to-workTests/Pods-Permit-to-workTests-frameworks.sh\"\n";
			showEnvVarsInLog = 0;
		};
		ED8572F235F1298BBC90ECA9 /* [CP] Check Pods Manifest.lock */ = {
			isa = PBXShellScriptBuildPhase;
			buildActionMask = 2147483647;
			files = (
			);
			inputPaths = (
			);
			name = "[CP] Check Pods Manifest.lock";
			outputPaths = (
			);
			runOnlyForDeploymentPostprocessing = 0;
			shellPath = /bin/sh;
			shellScript = "diff \"${PODS_PODFILE_DIR_PATH}/Podfile.lock\" \"${PODS_ROOT}/Manifest.lock\" > /dev/null\nif [ $? != 0 ] ; then\n    # print error to STDERR\n    echo \"error: The sandbox is not in sync with the Podfile.lock. Run 'pod install' or update your CocoaPods installation.\" >&2\n    exit 1\nfi\n";
			showEnvVarsInLog = 0;
		};
		FC11DC581DFFFC4D451DCCAC /* [CP] Copy Pods Resources */ = {
			isa = PBXShellScriptBuildPhase;
			buildActionMask = 2147483647;
			files = (
			);
			inputPaths = (
			);
			name = "[CP] Copy Pods Resources";
			outputPaths = (
			);
			runOnlyForDeploymentPostprocessing = 0;
			shellPath = /bin/sh;
			shellScript = "\"${SRCROOT}/Pods/Target Support Files/Pods-Permit-to-work/Pods-Permit-to-work-resources.sh\"\n";
			showEnvVarsInLog = 0;
		};
/* End PBXShellScriptBuildPhase section */

/* Begin PBXSourcesBuildPhase section */
		07AC7D271E7870630082412C /* Sources */ = {
			isa = PBXSourcesBuildPhase;
			buildActionMask = 2147483647;
			files = (
				074DB6EE1EBB317500B665AF /* LoginViewController.swift in Sources */,
				074DB6F41EBB56C500B665AF /* PermitsTableViewController.swift in Sources */,
				07DBA9771EDE0ADC002E797C /* PrecautionsViewController.swift in Sources */,
				07DBA9751EDE025F002E797C /* EnvironmentViewController.swift in Sources */,
				074DB6EC1EBB2E4100B665AF /* MainNavigationController.swift in Sources */,
				074806FA1EC06A4000D4B576 /* PermitViewController.swift in Sources */,
				07AC7D311E7870640082412C /* ViewController.swift in Sources */,
				07DBA9731EDD81DB002E797C /* ProtectionViewController.swift in Sources */,
				074DB6EA1EBA7D6600B665AF /* Template.swift in Sources */,
				074DB6F01EBB4B8700B665AF /* NewPermitViewController.swift in Sources */,
				07AC7D2F1E7870640082412C /* AppDelegate.swift in Sources */,
				07706BF01EDD686A00212C1D /* StartViewController.swift in Sources */,
				07342A031E9BF91400BAE46F /* Permit.swift in Sources */,
			);
			runOnlyForDeploymentPostprocessing = 0;
		};
		07AC7D3B1E7870640082412C /* Sources */ = {
			isa = PBXSourcesBuildPhase;
			buildActionMask = 2147483647;
			files = (
				07AC7D441E7870640082412C /* Permit_to_workTests.swift in Sources */,
			);
			runOnlyForDeploymentPostprocessing = 0;
		};
		07AC7D461E7870640082412C /* Sources */ = {
			isa = PBXSourcesBuildPhase;
			buildActionMask = 2147483647;
			files = (
				07AC7D4F1E7870640082412C /* Permit_to_workUITests.swift in Sources */,
			);
			runOnlyForDeploymentPostprocessing = 0;
		};
/* End PBXSourcesBuildPhase section */

/* Begin PBXTargetDependency section */
		07AC7D411E7870640082412C /* PBXTargetDependency */ = {
			isa = PBXTargetDependency;
			target = 07AC7D2A1E7870630082412C /* Permit-to-work */;
			targetProxy = 07AC7D401E7870640082412C /* PBXContainerItemProxy */;
		};
		07AC7D4C1E7870640082412C /* PBXTargetDependency */ = {
			isa = PBXTargetDependency;
			target = 07AC7D2A1E7870630082412C /* Permit-to-work */;
			targetProxy = 07AC7D4B1E7870640082412C /* PBXContainerItemProxy */;
		};
/* End PBXTargetDependency section */

/* Begin PBXVariantGroup section */
		07AC7D321E7870640082412C /* Main.storyboard */ = {
			isa = PBXVariantGroup;
			children = (
				07AC7D331E7870640082412C /* Base */,
			);
			name = Main.storyboard;
			sourceTree = "<group>";
		};
		07AC7D371E7870640082412C /* LaunchScreen.storyboard */ = {
			isa = PBXVariantGroup;
			children = (
				07AC7D381E7870640082412C /* Base */,
			);
			name = LaunchScreen.storyboard;
			sourceTree = "<group>";
		};
/* End PBXVariantGroup section */

/* Begin XCBuildConfiguration section */
		07AC7D511E7870640082412C /* Debug */ = {
			isa = XCBuildConfiguration;
			buildSettings = {
				ALWAYS_SEARCH_USER_PATHS = NO;
				CLANG_ANALYZER_NONNULL = YES;
				CLANG_CXX_LANGUAGE_STANDARD = "gnu++0x";
				CLANG_CXX_LIBRARY = "libc++";
				CLANG_ENABLE_MODULES = YES;
				CLANG_ENABLE_OBJC_ARC = YES;
				CLANG_WARN_BOOL_CONVERSION = YES;
				CLANG_WARN_CONSTANT_CONVERSION = YES;
				CLANG_WARN_DIRECT_OBJC_ISA_USAGE = YES_ERROR;
				CLANG_WARN_DOCUMENTATION_COMMENTS = YES;
				CLANG_WARN_EMPTY_BODY = YES;
				CLANG_WARN_ENUM_CONVERSION = YES;
				CLANG_WARN_INFINITE_RECURSION = YES;
				CLANG_WARN_INT_CONVERSION = YES;
				CLANG_WARN_OBJC_ROOT_CLASS = YES_ERROR;
				CLANG_WARN_SUSPICIOUS_MOVE = YES;
				CLANG_WARN_UNREACHABLE_CODE = YES;
				CLANG_WARN__DUPLICATE_METHOD_MATCH = YES;
				"CODE_SIGN_IDENTITY[sdk=iphoneos*]" = "iPhone Developer";
				COPY_PHASE_STRIP = NO;
				DEBUG_INFORMATION_FORMAT = dwarf;
				ENABLE_STRICT_OBJC_MSGSEND = YES;
				ENABLE_TESTABILITY = YES;
				GCC_C_LANGUAGE_STANDARD = gnu99;
				GCC_DYNAMIC_NO_PIC = NO;
				GCC_NO_COMMON_BLOCKS = YES;
				GCC_OPTIMIZATION_LEVEL = 0;
				GCC_PREPROCESSOR_DEFINITIONS = (
					"DEBUG=1",
					"$(inherited)",
				);
				GCC_WARN_64_TO_32_BIT_CONVERSION = YES;
				GCC_WARN_ABOUT_RETURN_TYPE = YES_ERROR;
				GCC_WARN_UNDECLARED_SELECTOR = YES;
				GCC_WARN_UNINITIALIZED_AUTOS = YES_AGGRESSIVE;
				GCC_WARN_UNUSED_FUNCTION = YES;
				GCC_WARN_UNUSED_VARIABLE = YES;
				IPHONEOS_DEPLOYMENT_TARGET = 10.2;
				MTL_ENABLE_DEBUG_INFO = YES;
				ONLY_ACTIVE_ARCH = YES;
				SDKROOT = iphoneos;
				SWIFT_ACTIVE_COMPILATION_CONDITIONS = DEBUG;
				SWIFT_OPTIMIZATION_LEVEL = "-Onone";
			};
			name = Debug;
		};
		07AC7D521E7870640082412C /* Release */ = {
			isa = XCBuildConfiguration;
			buildSettings = {
				ALWAYS_SEARCH_USER_PATHS = NO;
				CLANG_ANALYZER_NONNULL = YES;
				CLANG_CXX_LANGUAGE_STANDARD = "gnu++0x";
				CLANG_CXX_LIBRARY = "libc++";
				CLANG_ENABLE_MODULES = YES;
				CLANG_ENABLE_OBJC_ARC = YES;
				CLANG_WARN_BOOL_CONVERSION = YES;
				CLANG_WARN_CONSTANT_CONVERSION = YES;
				CLANG_WARN_DIRECT_OBJC_ISA_USAGE = YES_ERROR;
				CLANG_WARN_DOCUMENTATION_COMMENTS = YES;
				CLANG_WARN_EMPTY_BODY = YES;
				CLANG_WARN_ENUM_CONVERSION = YES;
				CLANG_WARN_INFINITE_RECURSION = YES;
				CLANG_WARN_INT_CONVERSION = YES;
				CLANG_WARN_OBJC_ROOT_CLASS = YES_ERROR;
				CLANG_WARN_SUSPICIOUS_MOVE = YES;
				CLANG_WARN_UNREACHABLE_CODE = YES;
				CLANG_WARN__DUPLICATE_METHOD_MATCH = YES;
				"CODE_SIGN_IDENTITY[sdk=iphoneos*]" = "iPhone Developer";
				COPY_PHASE_STRIP = NO;
				DEBUG_INFORMATION_FORMAT = "dwarf-with-dsym";
				ENABLE_NS_ASSERTIONS = NO;
				ENABLE_STRICT_OBJC_MSGSEND = YES;
				GCC_C_LANGUAGE_STANDARD = gnu99;
				GCC_NO_COMMON_BLOCKS = YES;
				GCC_WARN_64_TO_32_BIT_CONVERSION = YES;
				GCC_WARN_ABOUT_RETURN_TYPE = YES_ERROR;
				GCC_WARN_UNDECLARED_SELECTOR = YES;
				GCC_WARN_UNINITIALIZED_AUTOS = YES_AGGRESSIVE;
				GCC_WARN_UNUSED_FUNCTION = YES;
				GCC_WARN_UNUSED_VARIABLE = YES;
				IPHONEOS_DEPLOYMENT_TARGET = 10.2;
				MTL_ENABLE_DEBUG_INFO = NO;
				SDKROOT = iphoneos;
				SWIFT_OPTIMIZATION_LEVEL = "-Owholemodule";
				VALIDATE_PRODUCT = YES;
			};
			name = Release;
		};
		07AC7D541E7870640082412C /* Debug */ = {
			isa = XCBuildConfiguration;
			baseConfigurationReference = 70F7E9A3AFD1D63C9E260AD4 /* Pods-Permit-to-work.debug.xcconfig */;
			buildSettings = {
				ASSETCATALOG_COMPILER_APPICON_NAME = AppIcon;
				DEVELOPMENT_TEAM = EBSX6CSZNX;
				INFOPLIST_FILE = "Permit-to-work/Info.plist";
				LD_RUNPATH_SEARCH_PATHS = "$(inherited) @executable_path/Frameworks";
				PRODUCT_BUNDLE_IDENTIFIER = "Webpixel.Permit-to-work";
				PRODUCT_NAME = "$(TARGET_NAME)";
				SWIFT_VERSION = 3.0;
				TARGETED_DEVICE_FAMILY = 2;
			};
			name = Debug;
		};
		07AC7D551E7870640082412C /* Release */ = {
			isa = XCBuildConfiguration;
			baseConfigurationReference = 7ED3DE53E960484986F969EC /* Pods-Permit-to-work.release.xcconfig */;
			buildSettings = {
				ASSETCATALOG_COMPILER_APPICON_NAME = AppIcon;
				DEVELOPMENT_TEAM = EBSX6CSZNX;
				INFOPLIST_FILE = "Permit-to-work/Info.plist";
				LD_RUNPATH_SEARCH_PATHS = "$(inherited) @executable_path/Frameworks";
				PRODUCT_BUNDLE_IDENTIFIER = "Webpixel.Permit-to-work";
				PRODUCT_NAME = "$(TARGET_NAME)";
				SWIFT_VERSION = 3.0;
				TARGETED_DEVICE_FAMILY = 2;
			};
			name = Release;
		};
		07AC7D571E7870640082412C /* Debug */ = {
			isa = XCBuildConfiguration;
			baseConfigurationReference = 5B18F46094A18B8CE638E8BB /* Pods-Permit-to-workTests.debug.xcconfig */;
			buildSettings = {
				ALWAYS_EMBED_SWIFT_STANDARD_LIBRARIES = YES;
				BUNDLE_LOADER = "$(TEST_HOST)";
				DEVELOPMENT_TEAM = EBSX6CSZNX;
				INFOPLIST_FILE = "Permit-to-workTests/Info.plist";
				LD_RUNPATH_SEARCH_PATHS = "$(inherited) @executable_path/Frameworks @loader_path/Frameworks";
				PRODUCT_BUNDLE_IDENTIFIER = "Webpixel.Permit-to-workTests";
				PRODUCT_NAME = "$(TARGET_NAME)";
				SWIFT_VERSION = 3.0;
				TEST_HOST = "$(BUILT_PRODUCTS_DIR)/Permit-to-work.app/Permit-to-work";
			};
			name = Debug;
		};
		07AC7D581E7870640082412C /* Release */ = {
			isa = XCBuildConfiguration;
			baseConfigurationReference = B330C021596C5CDD85C3E6E0 /* Pods-Permit-to-workTests.release.xcconfig */;
			buildSettings = {
				ALWAYS_EMBED_SWIFT_STANDARD_LIBRARIES = YES;
				BUNDLE_LOADER = "$(TEST_HOST)";
				DEVELOPMENT_TEAM = EBSX6CSZNX;
				INFOPLIST_FILE = "Permit-to-workTests/Info.plist";
				LD_RUNPATH_SEARCH_PATHS = "$(inherited) @executable_path/Frameworks @loader_path/Frameworks";
				PRODUCT_BUNDLE_IDENTIFIER = "Webpixel.Permit-to-workTests";
				PRODUCT_NAME = "$(TARGET_NAME)";
				SWIFT_VERSION = 3.0;
				TEST_HOST = "$(BUILT_PRODUCTS_DIR)/Permit-to-work.app/Permit-to-work";
			};
			name = Release;
		};
		07AC7D5A1E7870640082412C /* Debug */ = {
			isa = XCBuildConfiguration;
			baseConfigurationReference = 5E732A5A36014B3EAC1DA267 /* Pods-Permit-to-workUITests.debug.xcconfig */;
			buildSettings = {
				ALWAYS_EMBED_SWIFT_STANDARD_LIBRARIES = YES;
				DEVELOPMENT_TEAM = EBSX6CSZNX;
				INFOPLIST_FILE = "Permit-to-workUITests/Info.plist";
				LD_RUNPATH_SEARCH_PATHS = "$(inherited) @executable_path/Frameworks @loader_path/Frameworks";
				PRODUCT_BUNDLE_IDENTIFIER = "Webpixel.Permit-to-workUITests";
				PRODUCT_NAME = "$(TARGET_NAME)";
				SWIFT_VERSION = 3.0;
				TEST_TARGET_NAME = "Permit-to-work";
			};
			name = Debug;
		};
		07AC7D5B1E7870640082412C /* Release */ = {
			isa = XCBuildConfiguration;
			baseConfigurationReference = 6911568266A32F7AE43C6349 /* Pods-Permit-to-workUITests.release.xcconfig */;
			buildSettings = {
				ALWAYS_EMBED_SWIFT_STANDARD_LIBRARIES = YES;
				DEVELOPMENT_TEAM = EBSX6CSZNX;
				INFOPLIST_FILE = "Permit-to-workUITests/Info.plist";
				LD_RUNPATH_SEARCH_PATHS = "$(inherited) @executable_path/Frameworks @loader_path/Frameworks";
				PRODUCT_BUNDLE_IDENTIFIER = "Webpixel.Permit-to-workUITests";
				PRODUCT_NAME = "$(TARGET_NAME)";
				SWIFT_VERSION = 3.0;
				TEST_TARGET_NAME = "Permit-to-work";
			};
			name = Release;
		};
/* End XCBuildConfiguration section */

/* Begin XCConfigurationList section */
		07AC7D261E7870630082412C /* Build configuration list for PBXProject "Permit-to-work" */ = {
			isa = XCConfigurationList;
			buildConfigurations = (
				07AC7D511E7870640082412C /* Debug */,
				07AC7D521E7870640082412C /* Release */,
			);
			defaultConfigurationIsVisible = 0;
			defaultConfigurationName = Release;
		};
		07AC7D531E7870640082412C /* Build configuration list for PBXNativeTarget "Permit-to-work" */ = {
			isa = XCConfigurationList;
			buildConfigurations = (
				07AC7D541E7870640082412C /* Debug */,
				07AC7D551E7870640082412C /* Release */,
			);
			defaultConfigurationIsVisible = 0;
			defaultConfigurationName = Release;
		};
		07AC7D561E7870640082412C /* Build configuration list for PBXNativeTarget "Permit-to-workTests" */ = {
			isa = XCConfigurationList;
			buildConfigurations = (
				07AC7D571E7870640082412C /* Debug */,
				07AC7D581E7870640082412C /* Release */,
			);
			defaultConfigurationIsVisible = 0;
			defaultConfigurationName = Release;
		};
		07AC7D591E7870640082412C /* Build configuration list for PBXNativeTarget "Permit-to-workUITests" */ = {
			isa = XCConfigurationList;
			buildConfigurations = (
				07AC7D5A1E7870640082412C /* Debug */,
				07AC7D5B1E7870640082412C /* Release */,
			);
			defaultConfigurationIsVisible = 0;
			defaultConfigurationName = Release;
		};
/* End XCConfigurationList section */
	};
	rootObject = 07AC7D231E7870630082412C /* Project object */;
}
